
Microsoft Visual Studio Solution File, Format Version 12.00
# Visual Studio 15
VisualStudioVersion = 15.0.28307.421
MinimumVisualStudioVersion = 10.0.40219.1
Project("{FAE04EC0-301F-11D3-BF4B-00C04F79EFBC}") = "app.Android", "app\app.Android\app.Android.csproj", "{C1CADBAE-03FD-41D2-A34A-C20A34F8F30E}"
EndProject
Project("{FAE04EC0-301F-11D3-BF4B-00C04F79EFBC}") = "app.iOS", "app\app.iOS\app.iOS.csproj", "{4801C99E-CA80-4559-9C2B-B80EF4ED2239}"
EndProject
Project("{FAE04EC0-301F-11D3-BF4B-00C04F79EFBC}") = "app", "app\app\app.csproj", "{8E8FC08E-B183-4678-9CC8-A51F8FB6F2CF}"
EndProject
Global
	GlobalSection(SolutionConfigurationPlatforms) = preSolution
		Ad-Hoc|Any CPU = Ad-Hoc|Any CPU
		Ad-Hoc|iPhone = Ad-Hoc|iPhone
		Ad-Hoc|iPhoneSimulator = Ad-Hoc|iPhoneSimulator
		AppStore|Any CPU = AppStore|Any CPU
		AppStore|iPhone = AppStore|iPhone
		AppStore|iPhoneSimulator = AppStore|iPhoneSimulator
		Debug|Any CPU = Debug|Any CPU
		Debug|iPhone = Debug|iPhone
		Debug|iPhoneSimulator = Debug|iPhoneSimulator
		Release|Any CPU = Release|Any CPU
		Release|iPhone = Release|iPhone
		Release|iPhoneSimulator = Release|iPhoneSimulator
	EndGlobalSection
	GlobalSection(ProjectConfigurationPlatforms) = postSolution
		{C1CADBAE-03FD-41D2-A34A-C20A34F8F30E}.Ad-Hoc|Any CPU.ActiveCfg = Release|Any CPU
		{C1CADBAE-03FD-41D2-A34A-C20A34F8F30E}.Ad-Hoc|Any CPU.Build.0 = Release|Any CPU
		{C1CADBAE-03FD-41D2-A34A-C20A34F8F30E}.Ad-Hoc|Any CPU.Deploy.0 = Release|Any CPU
		{C1CADBAE-03FD-41D2-A34A-C20A34F8F30E}.Ad-Hoc|iPhone.ActiveCfg = Release|Any CPU
		{C1CADBAE-03FD-41D2-A34A-C20A34F8F30E}.Ad-Hoc|iPhone.Build.0 = Release|Any CPU
		{C1CADBAE-03FD-41D2-A34A-C20A34F8F30E}.Ad-Hoc|iPhone.Deploy.0 = Release|Any CPU
		{C1CADBAE-03FD-41D2-A34A-C20A34F8F30E}.Ad-Hoc|iPhoneSimulator.ActiveCfg = Release|Any CPU
		{C1CADBAE-03FD-41D2-A34A-C20A34F8F30E}.Ad-Hoc|iPhoneSimulator.Build.0 = Release|Any CPU
		{C1CADBAE-03FD-41D2-A34A-C20A34F8F30E}.Ad-Hoc|iPhoneSimulator.Deploy.0 = Release|Any CPU
		{C1CADBAE-03FD-41D2-A34A-C20A34F8F30E}.AppStore|Any CPU.ActiveCfg = Release|Any CPU
		{C1CADBAE-03FD-41D2-A34A-C20A34F8F30E}.AppStore|Any CPU.Build.0 = Release|Any CPU
		{C1CADBAE-03FD-41D2-A34A-C20A34F8F30E}.AppStore|Any CPU.Deploy.0 = Release|Any CPU
		{C1CADBAE-03FD-41D2-A34A-C20A34F8F30E}.AppStore|iPhone.ActiveCfg = Release|Any CPU
		{C1CADBAE-03FD-41D2-A34A-C20A34F8F30E}.AppStore|iPhone.Build.0 = Release|Any CPU
		{C1CADBAE-03FD-41D2-A34A-C20A34F8F30E}.AppStore|iPhone.Deploy.0 = Release|Any CPU
		{C1CADBAE-03FD-41D2-A34A-C20A34F8F30E}.AppStore|iPhoneSimulator.ActiveCfg = Release|Any CPU
		{C1CADBAE-03FD-41D2-A34A-C20A34F8F30E}.AppStore|iPhoneSimulator.Build.0 = Release|Any CPU
		{C1CADBAE-03FD-41D2-A34A-C20A34F8F30E}.AppStore|iPhoneSimulator.Deploy.0 = Release|Any CPU
		{C1CADBAE-03FD-41D2-A34A-C20A34F8F30E}.Debug|Any CPU.ActiveCfg = Debug|Any CPU
		{C1CADBAE-03FD-41D2-A34A-C20A34F8F30E}.Debug|Any CPU.Build.0 = Debug|Any CPU
		{C1CADBAE-03FD-41D2-A34A-C20A34F8F30E}.Debug|Any CPU.Deploy.0 = Debug|Any CPU
		{C1CADBAE-03FD-41D2-A34A-C20A34F8F30E}.Debug|iPhone.ActiveCfg = Debug|Any CPU
		{C1CADBAE-03FD-41D2-A34A-C20A34F8F30E}.Debug|iPhone.Build.0 = Debug|Any CPU
		{C1CADBAE-03FD-41D2-A34A-C20A34F8F30E}.Debug|iPhone.Deploy.0 = Debug|Any CPU
		{C1CADBAE-03FD-41D2-A34A-C20A34F8F30E}.Debug|iPhoneSimulator.ActiveCfg = Debug|Any CPU
		{C1CADBAE-03FD-41D2-A34A-C20A34F8F30E}.Debug|iPhoneSimulator.Build.0 = Debug|Any CPU
		{C1CADBAE-03FD-41D2-A34A-C20A34F8F30E}.Debug|iPhoneSimulator.Deploy.0 = Debug|Any CPU
		{C1CADBAE-03FD-41D2-A34A-C20A34F8F30E}.Release|Any CPU.ActiveCfg = Release|Any CPU
		{C1CADBAE-03FD-41D2-A34A-C20A34F8F30E}.Release|Any CPU.Build.0 = Release|Any CPU
		{C1CADBAE-03FD-41D2-A34A-C20A34F8F30E}.Release|Any CPU.Deploy.0 = Release|Any CPU
		{C1CADBAE-03FD-41D2-A34A-C20A34F8F30E}.Release|iPhone.ActiveCfg = Release|Any CPU
		{C1CADBAE-03FD-41D2-A34A-C20A34F8F30E}.Release|iPhone.Build.0 = Release|Any CPU
		{C1CADBAE-03FD-41D2-A34A-C20A34F8F30E}.Release|iPhone.Deploy.0 = Release|Any CPU
		{C1CADBAE-03FD-41D2-A34A-C20A34F8F30E}.Release|iPhoneSimulator.ActiveCfg = Release|Any CPU
		{C1CADBAE-03FD-41D2-A34A-C20A34F8F30E}.Release|iPhoneSimulator.Build.0 = Release|Any CPU
		{C1CADBAE-03FD-41D2-A34A-C20A34F8F30E}.Release|iPhoneSimulator.Deploy.0 = Release|Any CPU
		{4801C99E-CA80-4559-9C2B-B80EF4ED2239}.Ad-Hoc|Any CPU.ActiveCfg = Ad-Hoc|iPhone
		{4801C99E-CA80-4559-9C2B-B80EF4ED2239}.Ad-Hoc|Any CPU.Build.0 = Ad-Hoc|iPhone
		{4801C99E-CA80-4559-9C2B-B80EF4ED2239}.Ad-Hoc|Any CPU.Deploy.0 = Ad-Hoc|iPhone
		{4801C99E-CA80-4559-9C2B-B80EF4ED2239}.Ad-Hoc|iPhone.ActiveCfg = Ad-Hoc|iPhone
		{4801C99E-CA80-4559-9C2B-B80EF4ED2239}.Ad-Hoc|iPhone.Build.0 = Ad-Hoc|iPhone
		{4801C99E-CA80-4559-9C2B-B80EF4ED2239}.Ad-Hoc|iPhone.Deploy.0 = Ad-Hoc|iPhone
		{4801C99E-CA80-4559-9C2B-B80EF4ED2239}.Ad-Hoc|iPhoneSimulator.ActiveCfg = Ad-Hoc|iPhoneSimulator
		{4801C99E-CA80-4559-9C2B-B80EF4ED2239}.Ad-Hoc|iPhoneSimulator.Build.0 = Ad-Hoc|iPhoneSimulator
		{4801C99E-CA80-4559-9C2B-B80EF4ED2239}.Ad-Hoc|iPhoneSimulator.Deploy.0 = Ad-Hoc|iPhoneSimulator
		{4801C99E-CA80-4559-9C2B-B80EF4ED2239}.AppStore|Any CPU.ActiveCfg = AppStore|iPhone
		{4801C99E-CA80-4559-9C2B-B80EF4ED2239}.AppStore|Any CPU.Build.0 = AppStore|iPhone
		{4801C99E-CA80-4559-9C2B-B80EF4ED2239}.AppStore|Any CPU.Deploy.0 = AppStore|iPhone
		{4801C99E-CA80-4559-9C2B-B80EF4ED2239}.AppStore|iPhone.ActiveCfg = AppStore|iPhone
		{4801C99E-CA80-4559-9C2B-B80EF4ED2239}.AppStore|iPhone.Build.0 = AppStore|iPhone
		{4801C99E-CA80-4559-9C2B-B80EF4ED2239}.AppStore|iPhone.Deploy.0 = AppStore|iPhone
		{4801C99E-CA80-4559-9C2B-B80EF4ED2239}.AppStore|iPhoneSimulator.ActiveCfg = AppStore|iPhoneSimulator
		{4801C99E-CA80-4559-9C2B-B80EF4ED2239}.AppStore|iPhoneSimulator.Build.0 = AppStore|iPhoneSimulator
		{4801C99E-CA80-4559-9C2B-B80EF4ED2239}.AppStore|iPhoneSimulator.Deploy.0 = AppStore|iPhoneSimulator
		{4801C99E-CA80-4559-9C2B-B80EF4ED2239}.Debug|Any CPU.ActiveCfg = Debug|iPhoneSimulator
		{4801C99E-CA80-4559-9C2B-B80EF4ED2239}.Debug|Any CPU.Build.0 = Debug|iPhoneSimulator
		{4801C99E-CA80-4559-9C2B-B80EF4ED2239}.Debug|Any CPU.Deploy.0 = Debug|iPhoneSimulator
		{4801C99E-CA80-4559-9C2B-B80EF4ED2239}.Debug|iPhone.ActiveCfg = Debug|iPhone
		{4801C99E-CA80-4559-9C2B-B80EF4ED2239}.Debug|iPhone.Build.0 = Debug|iPhone
		{4801C99E-CA80-4559-9C2B-B80EF4ED2239}.Debug|iPhone.Deploy.0 = Debug|iPhone
		{4801C99E-CA80-4559-9C2B-B80EF4ED2239}.Debug|iPhoneSimulator.ActiveCfg = Debug|iPhoneSimulator
		{4801C99E-CA80-4559-9C2B-B80EF4ED2239}.Debug|iPhoneSimulator.Build.0 = Debug|iPhoneSimulator
		{4801C99E-CA80-4559-9C2B-B80EF4ED2239}.Debug|iPhoneSimulator.Deploy.0 = Debug|iPhoneSimulator
		{4801C99E-CA80-4559-9C2B-B80EF4ED2239}.Release|Any CPU.ActiveCfg = Release|iPhone
		{4801C99E-CA80-4559-9C2B-B80EF4ED2239}.Release|Any CPU.Build.0 = Release|iPhone
		{4801C99E-CA80-4559-9C2B-B80EF4ED2239}.Release|Any CPU.Deploy.0 = Release|iPhone
		{4801C99E-CA80-4559-9C2B-B80EF4ED2239}.Release|iPhone.ActiveCfg = Release|iPhone
		{4801C99E-CA80-4559-9C2B-B80EF4ED2239}.Release|iPhone.Build.0 = Release|iPhone
		{4801C99E-CA80-4559-9C2B-B80EF4ED2239}.Release|iPhone.Deploy.0 = Release|iPhone
		{4801C99E-CA80-4559-9C2B-B80EF4ED2239}.Release|iPhoneSimulator.ActiveCfg = Release|iPhoneSimulator
		{4801C99E-CA80-4559-9C2B-B80EF4ED2239}.Release|iPhoneSimulator.Build.0 = Release|iPhoneSimulator
		{4801C99E-CA80-4559-9C2B-B80EF4ED2239}.Release|iPhoneSimulator.Deploy.0 = Release|iPhoneSimulator
		{8E8FC08E-B183-4678-9CC8-A51F8FB6F2CF}.Ad-Hoc|Any CPU.ActiveCfg = Debug|Any CPU
		{8E8FC08E-B183-4678-9CC8-A51F8FB6F2CF}.Ad-Hoc|Any CPU.Build.0 = Debug|Any CPU
		{8E8FC08E-B183-4678-9CC8-A51F8FB6F2CF}.Ad-Hoc|Any CPU.Deploy.0 = Debug|Any CPU
		{8E8FC08E-B183-4678-9CC8-A51F8FB6F2CF}.Ad-Hoc|iPhone.ActiveCfg = Debug|Any CPU
		{8E8FC08E-B183-4678-9CC8-A51F8FB6F2CF}.Ad-Hoc|iPhone.Build.0 = Debug|Any CPU
		{8E8FC08E-B183-4678-9CC8-A51F8FB6F2CF}.Ad-Hoc|iPhone.Deploy.0 = Debug|Any CPU
		{8E8FC08E-B183-4678-9CC8-A51F8FB6F2CF}.Ad-Hoc|iPhoneSimulator.ActiveCfg = Debug|Any CPU
		{8E8FC08E-B183-4678-9CC8-A51F8FB6F2CF}.Ad-Hoc|iPhoneSimulator.Build.0 = Debug|Any CPU
		{8E8FC08E-B183-4678-9CC8-A51F8FB6F2CF}.Ad-Hoc|iPhoneSimulator.Deploy.0 = Debug|Any CPU
		{8E8FC08E-B183-4678-9CC8-A51F8FB6F2CF}.AppStore|Any CPU.ActiveCfg = Debug|Any CPU
		{8E8FC08E-B183-4678-9CC8-A51F8FB6F2CF}.AppStore|Any CPU.Build.0 = Debug|Any CPU
		{8E8FC08E-B183-4678-9CC8-A51F8FB6F2CF}.AppStore|Any CPU.Deploy.0 = Debug|Any CPU
		{8E8FC08E-B183-4678-9CC8-A51F8FB6F2CF}.AppStore|iPhone.ActiveCfg = Debug|Any CPU
		{8E8FC08E-B183-4678-9CC8-A51F8FB6F2CF}.AppStore|iPhone.Build.0 = Debug|Any CPU
		{8E8FC08E-B183-4678-9CC8-A51F8FB6F2CF}.AppStore|iPhone.Deploy.0 = Debug|Any CPU
		{8E8FC08E-B183-4678-9CC8-A51F8FB6F2CF}.AppStore|iPhoneSimulator.ActiveCfg = Debug|Any CPU
		{8E8FC08E-B183-4678-9CC8-A51F8FB6F2CF}.AppStore|iPhoneSimulator.Build.0 = Debug|Any CPU
		{8E8FC08E-B183-4678-9CC8-A51F8FB6F2CF}.AppStore|iPhoneSimulator.Deploy.0 = Debug|Any CPU
		{8E8FC08E-B183-4678-9CC8-A51F8FB6F2CF}.Debug|Any CPU.ActiveCfg = Debug|Any CPU
		{8E8FC08E-B183-4678-9CC8-A51F8FB6F2CF}.Debug|Any CPU.Build.0 = Debug|Any CPU
		{8E8FC08E-B183-4678-9CC8-A51F8FB6F2CF}.Debug|Any CPU.Deploy.0 = Debug|Any CPU
		{8E8FC08E-B183-4678-9CC8-A51F8FB6F2CF}.Debug|iPhone.ActiveCfg = Debug|Any CPU
		{8E8FC08E-B183-4678-9CC8-A51F8FB6F2CF}.Debug|iPhone.Build.0 = Debug|Any CPU
		{8E8FC08E-B183-4678-9CC8-A51F8FB6F2CF}.Debug|iPhone.Deploy.0 = Debug|Any CPU
		{8E8FC08E-B183-4678-9CC8-A51F8FB6F2CF}.Debug|iPhoneSimulator.ActiveCfg = Debug|Any CPU
		{8E8FC08E-B183-4678-9CC8-A51F8FB6F2CF}.Debug|iPhoneSimulator.Build.0 = Debug|Any CPU
		{8E8FC08E-B183-4678-9CC8-A51F8FB6F2CF}.Debug|iPhoneSimulator.Deploy.0 = Debug|Any CPU
		{8E8FC08E-B183-4678-9CC8-A51F8FB6F2CF}.Release|Any CPU.ActiveCfg = Release|Any CPU
		{8E8FC08E-B183-4678-9CC8-A51F8FB6F2CF}.Release|Any CPU.Build.0 = Release|Any CPU
		{8E8FC08E-B183-4678-9CC8-A51F8FB6F2CF}.Release|Any CPU.Deploy.0 = Release|Any CPU
		{8E8FC08E-B183-4678-9CC8-A51F8FB6F2CF}.Release|iPhone.ActiveCfg = Release|Any CPU
		{8E8FC08E-B183-4678-9CC8-A51F8FB6F2CF}.Release|iPhone.Build.0 = Release|Any CPU
		{8E8FC08E-B183-4678-9CC8-A51F8FB6F2CF}.Release|iPhone.Deploy.0 = Release|Any CPU
		{8E8FC08E-B183-4678-9CC8-A51F8FB6F2CF}.Release|iPhoneSimulator.ActiveCfg = Release|Any CPU
		{8E8FC08E-B183-4678-9CC8-A51F8FB6F2CF}.Release|iPhoneSimulator.Build.0 = Release|Any CPU
		{8E8FC08E-B183-4678-9CC8-A51F8FB6F2CF}.Release|iPhoneSimulator.Deploy.0 = Release|Any CPU
	EndGlobalSection
	GlobalSection(SolutionProperties) = preSolution
		HideSolutionNode = FALSE
	EndGlobalSection
	GlobalSection(ExtensibilityGlobals) = postSolution
		SolutionGuid = {A1189E39-3CE1-4FA4-8530-2C1EBFF2EA4F}
	EndGlobalSection
EndGlobal
